
Microsoft Visual Studio Solution File, Format Version 12.00
# Visual Studio Version 17
VisualStudioVersion = 17.8.34525.116
MinimumVisualStudioVersion = 10.0.40219.1
Project("{FAE04EC0-301F-11D3-BF4B-00C04F79EFBC}") = "E-Commerce-Epicode-Buildweek", "E-Commerce-Epicode-Buildweek\E-Commerce-Epicode-Buildweek.csproj", "{38F6ACFA-FFD7-4966-821D-0151914A8451}"
EndProject
Global
	GlobalSection(SolutionConfigurationPlatforms) = preSolution
		Debug|Any CPU = Debug|Any CPU
		Release|Any CPU = Release|Any CPU
	EndGlobalSection
	GlobalSection(ProjectConfigurationPlatforms) = postSolution
		{38F6ACFA-FFD7-4966-821D-0151914A8451}.Debug|Any CPU.ActiveCfg = Debug|Any CPU
		{38F6ACFA-FFD7-4966-821D-0151914A8451}.Debug|Any CPU.Build.0 = Debug|Any CPU
		{38F6ACFA-FFD7-4966-821D-0151914A8451}.Release|Any CPU.ActiveCfg = Release|Any CPU
		{38F6ACFA-FFD7-4966-821D-0151914A8451}.Release|Any CPU.Build.0 = Release|Any CPU
	EndGlobalSection
	GlobalSection(SolutionProperties) = preSolution
		HideSolutionNode = FALSE
	EndGlobalSection
	GlobalSection(ExtensibilityGlobals) = postSolution
		SolutionGuid = {6E6DF7C7-89EC-4367-94DB-0B5A693D182B}
	EndGlobalSection
EndGlobal
